{
  "nodes": {
    "config-nvim": {
      "flake": false,
      "locked": {
        "lastModified": 1774097143,
        "narHash": "sha256-NTNEkaZa5CdMrsycC+tqqFBUqa2J9r0GTwFWeU3gWog=",
        "owner": "simenandre",
        "repo": "config.nvim",
        "rev": "83cd13c60ba2b8de7b5a50affa0e110c2a608cd6",
        "type": "github"
      },
      "original": {
        "owner": "simenandre",
        "repo": "config.nvim",
        "type": "github"
      }
    },
    "dina": {
      "inputs": {
        "flake-utils": "flake-utils",
        "nixpkgs": [
          "nixpkgs"
        ]
      },
      "locked": {
        "lastModified": 1777892921,
        "narHash": "sha256-RxkMuP/P7Sap9sLLg/3LwlGBXId6PJL/dwQNQ3L7Ma8=",
        "owner": "dinacomputer",
        "repo": "cli",
        "rev": "0277ff9e82107ee9a582ae6e0da1258a44a60e1a",
        "type": "github"
      },
      "original": {
        "owner": "dinacomputer",
        "repo": "cli",
        "type": "github"
      }
    },
    "flake-utils": {
      "inputs": {
        "systems": "systems"
      },
      "locked": {
        "lastModified": 1731533236,
        "narHash": "sha256-l0KFg5HjrsfsO/JpG+r7fRrqm12kzFHyUHqHCVpMMbI=",
        "owner": "numtide",
        "repo": "flake-utils",
        "rev": "11707dc2f618dd54ca8739b309ec4fc024de578b",
        "type": "github"
      },
      "original": {
        "owner": "numtide",
        "repo": "flake-utils",
        "type": "github"
      }
    },
    "home-manager": {
      "inputs": {
        "nixpkgs": [
          "nixpkgs"
        ]
      },
      "locked": {
        "lastModified": 1778009629,
        "narHash": "sha256-nUoQtf4Zq7DRYJrfv904hjrxjAlWVP6a1pNNFKx3FCg=",
        "owner": "nix-community",
        "repo": "home-manager",
        "rev": "00ed86e58bb6979a7921859fd1615d19382eac5c",
        "type": "github"
      },
      "original": {
        "owner": "nix-community",
        "repo": "home-manager",
        "type": "github"
      }
    },
    "nix-darwin": {
      "inputs": {
        "nixpkgs": [
          "nixpkgs"
        ]
      },
      "locked": {
        "lastModified": 1777780666,
        "narHash": "sha256-8wURyQMdDkGUarSTKOGdCuFfYiwa3HbzwscUfn3STDE=",
        "owner": "LnL7",
        "repo": "nix-darwin",
        "rev": "8c62fba0854ba15c8917aed18894dbccb48a3777",
        "type": "github"
      },
      "original": {
        "owner": "LnL7",
        "repo": "nix-darwin",
        "type": "github"
      }
    },
    "nixpkgs": {
      "locked": {
        "lastModified": 1777918403,
        "narHash": "sha256-7QiZv0LcW1yIOLo2LNuCQjWon1Z1r99FwK24hbtBOF4=",
        "owner": "NixOS",
        "repo": "nixpkgs",
        "rev": "afc5551119aae6eab73a95c1960891cfe63204f6",
        "type": "github"
      },
      "original": {
        "owner": "NixOS",
        "ref": "nixpkgs-unstable",
        "repo": "nixpkgs",
        "type": "github"
      }
    },
    "root": {
      "inputs": {
        "config-nvim": "config-nvim",
        "dina": "dina",
        "home-manager": "home-manager",
        "nix-darwin": "nix-darwin",
        "nixpkgs": "nixpkgs"
      }
    },
    "systems": {
      "locked": {
        "lastModified": 1681028828,
        "narHash": "sha256-Vy1rq5AaRuLzOxct8nz4T6wlgyUR7zLU309k9mBC768=",
        "owner": "nix-systems",
        "repo": "default",
        "rev": "da67096a3b9bf56a91d16901293e51ba5b49a27e",
        "type": "github"
      },
      "original": {
        "owner": "nix-systems",
        "repo": "default",
        "type": "github"
      }
    }
  },
  "root": "root",
  "version": 7
}
